
Microsoft Visual Studio Solution File, Format Version 12.00
# Visual Studio Version 16
VisualStudioVersion = 16.0.30804.86
MinimumVisualStudioVersion = 10.0.40219.1
Project("{FAE04EC0-301F-11D3-BF4B-00C04F79EFBC}") = "ForumApp", "ForumApp\ForumApp.csproj", "{976BBED5-3DD4-4C99-9257-A74F00F0AD22}"
EndProject
Global
	GlobalSection(SolutionConfigurationPlatforms) = preSolution
		Debug|Any CPU = Debug|Any CPU
		Release|Any CPU = Release|Any CPU
	EndGlobalSection
	GlobalSection(ProjectConfigurationPlatforms) = postSolution
		{976BBED5-3DD4-4C99-9257-A74F00F0AD22}.Debug|Any CPU.ActiveCfg = Debug|Any CPU
		{976BBED5-3DD4-4C99-9257-A74F00F0AD22}.Debug|Any CPU.Build.0 = Debug|Any CPU
		{976BBED5-3DD4-4C99-9257-A74F00F0AD22}.Release|Any CPU.ActiveCfg = Release|Any CPU
		{976BBED5-3DD4-4C99-9257-A74F00F0AD22}.Release|Any CPU.Build.0 = Release|Any CPU
	EndGlobalSection
	GlobalSection(SolutionProperties) = preSolution
		HideSolutionNode = FALSE
	EndGlobalSection
	GlobalSection(ExtensibilityGlobals) = postSolution
		SolutionGuid = {C4790E20-833E-4E7D-826D-D66F69504B83}
	EndGlobalSection
EndGlobal
